
Microsoft Visual Studio Solution File, Format Version 12.00
# Visual Studio Version 17
VisualStudioVersion = 17.8.34525.116
MinimumVisualStudioVersion = 10.0.40219.1
Project("{FAE04EC0-301F-11D3-BF4B-00C04F79EFBC}") = "RentCars.Web", "RentCars\RentCars.Web.csproj", "{6B35DA8D-4E8E-40AA-AC06-F507F456D78D}"
EndProject
Global
	GlobalSection(SolutionConfigurationPlatforms) = preSolution
		Debug|Any CPU = Debug|Any CPU
		Release|Any CPU = Release|Any CPU
	EndGlobalSection
	GlobalSection(ProjectConfigurationPlatforms) = postSolution
		{6B35DA8D-4E8E-40AA-AC06-F507F456D78D}.Debug|Any CPU.ActiveCfg = Debug|Any CPU
		{6B35DA8D-4E8E-40AA-AC06-F507F456D78D}.Debug|Any CPU.Build.0 = Debug|Any CPU
		{6B35DA8D-4E8E-40AA-AC06-F507F456D78D}.Release|Any CPU.ActiveCfg = Release|Any CPU
		{6B35DA8D-4E8E-40AA-AC06-F507F456D78D}.Release|Any CPU.Build.0 = Release|Any CPU
	EndGlobalSection
	GlobalSection(SolutionProperties) = preSolution
		HideSolutionNode = FALSE
	EndGlobalSection
	GlobalSection(ExtensibilityGlobals) = postSolution
		SolutionGuid = {0D6012F0-4DDF-4AFE-A3A6-4A34B3EC248A}
	EndGlobalSection
EndGlobal
